
Microsoft Visual Studio Solution File, Format Version 12.00
# Visual Studio 2013
VisualStudioVersion = 12.0.31101.0
MinimumVisualStudioVersion = 10.0.40219.1
Project("{2150E333-8FDC-42A3-9474-1A3956D46DE8}") = "0 - Presentation", "0 - Presentation", "{5FE9F640-207E-4CCD-A005-C0F593306A4A}"
EndProject
Project("{2150E333-8FDC-42A3-9474-1A3956D46DE8}") = "1 - Services", "1 - Services", "{6B847A37-7389-4B2C-94B5-7B0AEE0CDE2D}"
EndProject
Project("{2150E333-8FDC-42A3-9474-1A3956D46DE8}") = "2 - Application", "2 - Application", "{6327A530-92BC-4E42-B996-F96B1482433D}"
EndProject
Project("{2150E333-8FDC-42A3-9474-1A3956D46DE8}") = "3 - Domain", "3 - Domain", "{07CDF704-48E4-44CF-BBDA-74011E61C6D5}"
EndProject
Project("{2150E333-8FDC-42A3-9474-1A3956D46DE8}") = "4 - Infra", "4 - Infra", "{719C918E-1D24-42A9-8A17-4946D4CB3B4A}"
EndProject
Project("{2150E333-8FDC-42A3-9474-1A3956D46DE8}") = "4.1 - Data", "4.1 - Data", "{55F76052-F4D5-467C-842C-26B97B887224}"
EndProject
Project("{2150E333-8FDC-42A3-9474-1A3956D46DE8}") = "4.2 - CrossCutting", "4.2 - CrossCutting", "{34871457-543E-4662-89E8-1E1DC18FC0FD}"
EndProject
Project("{FAE04EC0-301F-11D3-BF4B-00C04F79EFBC}") = "SP.Domain", "src\SP.Domain\SP.Domain.csproj", "{A1813B41-128F-4C1F-8907-7306DC615630}"
EndProject
Project("{FAE04EC0-301F-11D3-BF4B-00C04F79EFBC}") = "SP.Infra.Data", "src\SP.Infra.Data\SP.Infra.Data.csproj", "{4E0B605B-9CDE-4C8A-AD06-419465A1E721}"
EndProject
Project("{FAE04EC0-301F-11D3-BF4B-00C04F79EFBC}") = "SP.Application", "src\SP.Application\SP.Application.csproj", "{EA069801-DA89-4050-866C-DFDFF4A2D366}"
EndProject
Project("{FAE04EC0-301F-11D3-BF4B-00C04F79EFBC}") = "UI.SP", "src\UI.SP\UI.SP.csproj", "{6FB5F74F-FE4A-4EB7-A7C0-C75C66BC4AEA}"
EndProject
Project("{FAE04EC0-301F-11D3-BF4B-00C04F79EFBC}") = "SP.Infra.CrossCutting.IoC", "src\SP.Infra.CrossCutting.IoC\SP.Infra.CrossCutting.IoC.csproj", "{D4E1A67B-5059-422E-A919-354AF9B4DA76}"
EndProject
Project("{FAE04EC0-301F-11D3-BF4B-00C04F79EFBC}") = "SP.Infra.CrossCutting.MvcFilters", "src\SP.Infra.CrossCutting.MvcFilters\SP.Infra.CrossCutting.MvcFilters.csproj", "{35648F0E-F60E-44E8-80E7-EDF4A384E937}"
EndProject
Global
	GlobalSection(SolutionConfigurationPlatforms) = preSolution
		Debug|Any CPU = Debug|Any CPU
		Release|Any CPU = Release|Any CPU
	EndGlobalSection
	GlobalSection(ProjectConfigurationPlatforms) = postSolution
		{A1813B41-128F-4C1F-8907-7306DC615630}.Debug|Any CPU.ActiveCfg = Debug|Any CPU
		{A1813B41-128F-4C1F-8907-7306DC615630}.Debug|Any CPU.Build.0 = Debug|Any CPU
		{A1813B41-128F-4C1F-8907-7306DC615630}.Release|Any CPU.ActiveCfg = Release|Any CPU
		{A1813B41-128F-4C1F-8907-7306DC615630}.Release|Any CPU.Build.0 = Release|Any CPU
		{4E0B605B-9CDE-4C8A-AD06-419465A1E721}.Debug|Any CPU.ActiveCfg = Debug|Any CPU
		{4E0B605B-9CDE-4C8A-AD06-419465A1E721}.Debug|Any CPU.Build.0 = Debug|Any CPU
		{4E0B605B-9CDE-4C8A-AD06-419465A1E721}.Release|Any CPU.ActiveCfg = Release|Any CPU
		{4E0B605B-9CDE-4C8A-AD06-419465A1E721}.Release|Any CPU.Build.0 = Release|Any CPU
		{EA069801-DA89-4050-866C-DFDFF4A2D366}.Debug|Any CPU.ActiveCfg = Debug|Any CPU
		{EA069801-DA89-4050-866C-DFDFF4A2D366}.Debug|Any CPU.Build.0 = Debug|Any CPU
		{EA069801-DA89-4050-866C-DFDFF4A2D366}.Release|Any CPU.ActiveCfg = Release|Any CPU
		{EA069801-DA89-4050-866C-DFDFF4A2D366}.Release|Any CPU.Build.0 = Release|Any CPU
		{6FB5F74F-FE4A-4EB7-A7C0-C75C66BC4AEA}.Debug|Any CPU.ActiveCfg = Debug|Any CPU
		{6FB5F74F-FE4A-4EB7-A7C0-C75C66BC4AEA}.Debug|Any CPU.Build.0 = Debug|Any CPU
		{6FB5F74F-FE4A-4EB7-A7C0-C75C66BC4AEA}.Release|Any CPU.ActiveCfg = Release|Any CPU
		{6FB5F74F-FE4A-4EB7-A7C0-C75C66BC4AEA}.Release|Any CPU.Build.0 = Release|Any CPU
		{D4E1A67B-5059-422E-A919-354AF9B4DA76}.Debug|Any CPU.ActiveCfg = Debug|Any CPU
		{D4E1A67B-5059-422E-A919-354AF9B4DA76}.Debug|Any CPU.Build.0 = Debug|Any CPU
		{D4E1A67B-5059-422E-A919-354AF9B4DA76}.Release|Any CPU.ActiveCfg = Release|Any CPU
		{D4E1A67B-5059-422E-A919-354AF9B4DA76}.Release|Any CPU.Build.0 = Release|Any CPU
		{35648F0E-F60E-44E8-80E7-EDF4A384E937}.Debug|Any CPU.ActiveCfg = Debug|Any CPU
		{35648F0E-F60E-44E8-80E7-EDF4A384E937}.Debug|Any CPU.Build.0 = Debug|Any CPU
		{35648F0E-F60E-44E8-80E7-EDF4A384E937}.Release|Any CPU.ActiveCfg = Release|Any CPU
		{35648F0E-F60E-44E8-80E7-EDF4A384E937}.Release|Any CPU.Build.0 = Release|Any CPU
	EndGlobalSection
	GlobalSection(SolutionProperties) = preSolution
		HideSolutionNode = FALSE
	EndGlobalSection
	GlobalSection(NestedProjects) = preSolution
		{55F76052-F4D5-467C-842C-26B97B887224} = {719C918E-1D24-42A9-8A17-4946D4CB3B4A}
		{34871457-543E-4662-89E8-1E1DC18FC0FD} = {719C918E-1D24-42A9-8A17-4946D4CB3B4A}
		{A1813B41-128F-4C1F-8907-7306DC615630} = {07CDF704-48E4-44CF-BBDA-74011E61C6D5}
		{4E0B605B-9CDE-4C8A-AD06-419465A1E721} = {55F76052-F4D5-467C-842C-26B97B887224}
		{EA069801-DA89-4050-866C-DFDFF4A2D366} = {6327A530-92BC-4E42-B996-F96B1482433D}
		{6FB5F74F-FE4A-4EB7-A7C0-C75C66BC4AEA} = {5FE9F640-207E-4CCD-A005-C0F593306A4A}
		{D4E1A67B-5059-422E-A919-354AF9B4DA76} = {34871457-543E-4662-89E8-1E1DC18FC0FD}
		{35648F0E-F60E-44E8-80E7-EDF4A384E937} = {34871457-543E-4662-89E8-1E1DC18FC0FD}
	EndGlobalSection
EndGlobal
